
Microsoft Visual Studio Solution File, Format Version 12.00
# Visual Studio Version 16
VisualStudioVersion = 16.0.32428.217
MinimumVisualStudioVersion = 10.0.40219.1
Project("{9A19103F-16F7-4668-BE54-9A1E7A4F7556}") = "CompanyEmployees", "CompanyEmployees\CompanyEmployees.csproj", "{98850EC9-E743-4C01-90FD-242F830F2B73}"
EndProject
Project("{FAE04EC0-301F-11D3-BF4B-00C04F79EFBC}") = "Contracts", "Contracts\Contracts.csproj", "{C15B6A81-E6ED-4950-A697-87D5B9AF362A}"
EndProject
Project("{FAE04EC0-301F-11D3-BF4B-00C04F79EFBC}") = "LoggerService", "LoggerService\LoggerService.csproj", "{7317310F-6546-4EC8-90CB-1C3E46A4D2F5}"
EndProject
Project("{FAE04EC0-301F-11D3-BF4B-00C04F79EFBC}") = "Entities", "Entities\Entities.csproj", "{11AF3B51-0A27-48DA-BD7C-C32833AF6977}"
EndProject
Project("{FAE04EC0-301F-11D3-BF4B-00C04F79EFBC}") = "Repository", "Repository\Repository.csproj", "{AFDA0DBB-DDCB-4BFD-8026-B513118F397E}"
EndProject
Global
	GlobalSection(SolutionConfigurationPlatforms) = preSolution
		Debug|Any CPU = Debug|Any CPU
		Release|Any CPU = Release|Any CPU
	EndGlobalSection
	GlobalSection(ProjectConfigurationPlatforms) = postSolution
		{98850EC9-E743-4C01-90FD-242F830F2B73}.Debug|Any CPU.ActiveCfg = Debug|Any CPU
		{98850EC9-E743-4C01-90FD-242F830F2B73}.Debug|Any CPU.Build.0 = Debug|Any CPU
		{98850EC9-E743-4C01-90FD-242F830F2B73}.Release|Any CPU.ActiveCfg = Release|Any CPU
		{98850EC9-E743-4C01-90FD-242F830F2B73}.Release|Any CPU.Build.0 = Release|Any CPU
		{C15B6A81-E6ED-4950-A697-87D5B9AF362A}.Debug|Any CPU.ActiveCfg = Debug|Any CPU
		{C15B6A81-E6ED-4950-A697-87D5B9AF362A}.Debug|Any CPU.Build.0 = Debug|Any CPU
		{C15B6A81-E6ED-4950-A697-87D5B9AF362A}.Release|Any CPU.ActiveCfg = Release|Any CPU
		{C15B6A81-E6ED-4950-A697-87D5B9AF362A}.Release|Any CPU.Build.0 = Release|Any CPU
		{7317310F-6546-4EC8-90CB-1C3E46A4D2F5}.Debug|Any CPU.ActiveCfg = Debug|Any CPU
		{7317310F-6546-4EC8-90CB-1C3E46A4D2F5}.Debug|Any CPU.Build.0 = Debug|Any CPU
		{7317310F-6546-4EC8-90CB-1C3E46A4D2F5}.Release|Any CPU.ActiveCfg = Release|Any CPU
		{7317310F-6546-4EC8-90CB-1C3E46A4D2F5}.Release|Any CPU.Build.0 = Release|Any CPU
		{11AF3B51-0A27-48DA-BD7C-C32833AF6977}.Debug|Any CPU.ActiveCfg = Debug|Any CPU
		{11AF3B51-0A27-48DA-BD7C-C32833AF6977}.Debug|Any CPU.Build.0 = Debug|Any CPU
		{11AF3B51-0A27-48DA-BD7C-C32833AF6977}.Release|Any CPU.ActiveCfg = Release|Any CPU
		{11AF3B51-0A27-48DA-BD7C-C32833AF6977}.Release|Any CPU.Build.0 = Release|Any CPU
		{AFDA0DBB-DDCB-4BFD-8026-B513118F397E}.Debug|Any CPU.ActiveCfg = Debug|Any CPU
		{AFDA0DBB-DDCB-4BFD-8026-B513118F397E}.Debug|Any CPU.Build.0 = Debug|Any CPU
		{AFDA0DBB-DDCB-4BFD-8026-B513118F397E}.Release|Any CPU.ActiveCfg = Release|Any CPU
		{AFDA0DBB-DDCB-4BFD-8026-B513118F397E}.Release|Any CPU.Build.0 = Release|Any CPU
	EndGlobalSection
	GlobalSection(SolutionProperties) = preSolution
		HideSolutionNode = FALSE
	EndGlobalSection
	GlobalSection(ExtensibilityGlobals) = postSolution
		SolutionGuid = {3929FAB4-7035-4348-A835-709E9E01CCA7}
	EndGlobalSection
EndGlobal
