
Microsoft Visual Studio Solution File, Format Version 12.00
# Visual Studio Version 16
VisualStudioVersion = 16.0.32428.217
MinimumVisualStudioVersion = 10.0.40219.1
Project("{FAE04EC0-301F-11D3-BF4B-00C04F79EFBC}") = "CompanyEmployees", "CompanyEmployees\CompanyEmployees.csproj", "{98850EC9-E743-4C01-90FD-242F830F2B73}"
EndProject
Global
	GlobalSection(SolutionConfigurationPlatforms) = preSolution
		Debug|Any CPU = Debug|Any CPU
		Release|Any CPU = Release|Any CPU
	EndGlobalSection
	GlobalSection(ProjectConfigurationPlatforms) = postSolution
		{98850EC9-E743-4C01-90FD-242F830F2B73}.Debug|Any CPU.ActiveCfg = Debug|Any CPU
		{98850EC9-E743-4C01-90FD-242F830F2B73}.Debug|Any CPU.Build.0 = Debug|Any CPU
		{98850EC9-E743-4C01-90FD-242F830F2B73}.Release|Any CPU.ActiveCfg = Release|Any CPU
		{98850EC9-E743-4C01-90FD-242F830F2B73}.Release|Any CPU.Build.0 = Release|Any CPU
	EndGlobalSection
	GlobalSection(SolutionProperties) = preSolution
		HideSolutionNode = FALSE
	EndGlobalSection
	GlobalSection(ExtensibilityGlobals) = postSolution
		SolutionGuid = {3929FAB4-7035-4348-A835-709E9E01CCA7}
	EndGlobalSection
EndGlobal
